// !$*UTF8*$!
{
	archiveVersion = 1;
	classes = {
	};
	objectVersion = 46;
	objects = {

/* Begin PBXBuildFile section */
		A75813FA1517EE6400B375D0 /* MBProgressHUD.h in Headers */ = {isa = PBXBuildFile; fileRef = A75813F81517EE6400B375D0 /* MBProgressHUD.h */; };
		A75813FB1517EE6400B375D0 /* MBProgressHUD.m in Sources */ = {isa = PBXBuildFile; fileRef = A75813F91517EE6400B375D0 /* MBProgressHUD.m */; };
/* End PBXBuildFile section */

/* Begin PBXFileReference section */
		A75813F81517EE6400B375D0 /* MBProgressHUD.h */ = {isa = PBXFileReference; fileEncoding = 4; lastKnownFileType = sourcecode.c.h; path = MBProgressHUD.h; sourceTree = SOURCE_ROOT; };
		A75813F91517EE6400B375D0 /* MBProgressHUD.m */ = {isa = PBXFileReference; fileEncoding = 4; lastKnownFileType = sourcecode.c.objc; path = MBProgressHUD.m; sourceTree = SOURCE_ROOT; };
		A7D9E4F71501A6A20031D4FA /* libKissXMLiOS.a */ = {isa = PBXFileReference; explicitFileType = archive.ar; includeInIndex = 0; path = libKissXMLiOS.a; sourceTree = BUILT_PRODUCTS_DIR; };
		A7DDECC61502932400AD274C /* Cocoa.framework */ = {isa = PBXFileReference; lastKnownFileType = wrapper.framework; name = Cocoa.framework; path = Library/Frameworks/Cocoa.framework; sourceTree = DEVELOPER_DIR; };
		A7DDECC91502932400AD274C /* AppKit.framework */ = {isa = PBXFileReference; lastKnownFileType = wrapper.framework; name = AppKit.framework; path = Library/Frameworks/AppKit.framework; sourceTree = SDKROOT; };
		A7DDECCA1502932400AD274C /* CoreData.framework */ = {isa = PBXFileReference; lastKnownFileType = wrapper.framework; name = CoreData.framework; path = Library/Frameworks/CoreData.framework; sourceTree = SDKROOT; };
		A7DDECCB1502932400AD274C /* Foundation.framework */ = {isa = PBXFileReference; lastKnownFileType = wrapper.framework; name = Foundation.framework; path = Library/Frameworks/Foundation.framework; sourceTree = SDKROOT; };
/* End PBXFileReference section */

/* Begin PBXGroup section */
		A72ABC6F151138AA00B78A14 /* MBProgressHUD */ = {
			isa = PBXGroup;
			children = (
				A75813F81517EE6400B375D0 /* MBProgressHUD.h */,
				A75813F91517EE6400B375D0 /* MBProgressHUD.m */,
			);
			name = MBProgressHUD;
			path = KissXML;
			sourceTree = "<group>";
		};
		A7D9E4EC1501A6A20031D4FA = {
			isa = PBXGroup;
			children = (
				A72ABC6F151138AA00B78A14 /* MBProgressHUD */,
				A7DDECC51502932400AD274C /* Frameworks */,
				A7D9E4F81501A6A20031D4FA /* Products */,
			);
			sourceTree = "<group>";
		};
		A7D9E4F81501A6A20031D4FA /* Products */ = {
			isa = PBXGroup;
			children = (
				A7D9E4F71501A6A20031D4FA /* libKissXMLiOS.a */,
			);
			name = Products;
			sourceTree = "<group>";
		};
		A7DDECC51502932400AD274C /* Frameworks */ = {
			isa = PBXGroup;
			children = (
				A7DDECC61502932400AD274C /* Cocoa.framework */,
				A7DDECC81502932400AD274C /* Other Frameworks */,
			);
			name = Frameworks;
			sourceTree = "<group>";
		};
		A7DDECC81502932400AD274C /* Other Frameworks */ = {
			isa = PBXGroup;
			children = (
				A7DDECC91502932400AD274C /* AppKit.framework */,
				A7DDECCA1502932400AD274C /* CoreData.framework */,
				A7DDECCB1502932400AD274C /* Foundation.framework */,
			);
			name = "Other Frameworks";
			sourceTree = "<group>";
		};
/* End PBXGroup section */

/* Begin PBXHeadersBuildPhase section */
		A7D9E4F51501A6A20031D4FA /* Headers */ = {
			isa = PBXHeadersBuildPhase;
			buildActionMask = 2147483647;
			files = (
				A75813FA1517EE6400B375D0 /* MBProgressHUD.h in Headers */,
			);
			runOnlyForDeploymentPostprocessing = 0;
		};
/* End PBXHeadersBuildPhase section */

/* Begin PBXNativeTarget section */
		A7D9E4F61501A6A20031D4FA /* MBProgressHUD */ = {
			isa = PBXNativeTarget;
			buildConfigurationList = A7D9E5041501A6A20031D4FA /* Build configuration list for PBXNativeTarget "MBProgressHUD" */;
			buildPhases = (
				A7D9E4F31501A6A20031D4FA /* Sources */,
				A7D9E4F51501A6A20031D4FA /* Headers */,
			);
			buildRules = (
			);
			dependencies = (
			);
			name = MBProgressHUD;
			productName = Model;
			productReference = A7D9E4F71501A6A20031D4FA /* libKissXMLiOS.a */;
			productType = "com.apple.product-type.library.static";
		};
/* End PBXNativeTarget section */

/* Begin PBXProject section */
		A7D9E4EE1501A6A20031D4FA /* Project object */ = {
			isa = PBXProject;
			attributes = {
				LastUpgradeCheck = 0430;
				ORGANIZATIONNAME = "";
			};
			buildConfigurationList = A7D9E4F11501A6A20031D4FA /* Build configuration list for PBXProject "MBProgressHUD" */;
			compatibilityVersion = "Xcode 3.2";
			developmentRegion = English;
			hasScannedForEncodings = 0;
			knownRegions = (
				en,
			);
			mainGroup = A7D9E4EC1501A6A20031D4FA;
			productRefGroup = A7D9E4F81501A6A20031D4FA /* Products */;
			projectDirPath = "";
			projectRoot = "";
			targets = (
				A7D9E4F61501A6A20031D4FA /* MBProgressHUD */,
			);
		};
/* End PBXProject section */

/* Begin PBXSourcesBuildPhase section */
		A7D9E4F31501A6A20031D4FA /* Sources */ = {
			isa = PBXSourcesBuildPhase;
			buildActionMask = 2147483647;
			files = (
				A75813FB1517EE6400B375D0 /* MBProgressHUD.m in Sources */,
			);
			runOnlyForDeploymentPostprocessing = 0;
		};
/* End PBXSourcesBuildPhase section */

/* Begin XCBuildConfiguration section */
		A7D9E5021501A6A20031D4FA /* Debug */ = {
			isa = XCBuildConfiguration;
			buildSettings = {
				ALWAYS_SEARCH_USER_PATHS = NO;
				ARCHS = "$(ARCHS_STANDARD_32_BIT)";
				CLANG_ENABLE_OBJC_ARC = YES;
				COPY_PHASE_STRIP = NO;
				GCC_C_LANGUAGE_STANDARD = gnu99;
				GCC_DYNAMIC_NO_PIC = NO;
				GCC_OPTIMIZATION_LEVEL = 0;
				GCC_PREPROCESSOR_DEFINITIONS = (
					"DEBUG=1",
					"$(inherited)",
				);
				GCC_SYMBOLS_PRIVATE_EXTERN = NO;
				GCC_VERSION = com.apple.compilers.llvm.clang.1_0;
				GCC_WARN_ABOUT_RETURN_TYPE = YES;
				GCC_WARN_UNINITIALIZED_AUTOS = YES;
				GCC_WARN_UNUSED_VARIABLE = YES;
				HEADER_SEARCH_PATHS = "\"$(SDKROOT)/usr/include/libxml2\"";
				IPHONEOS_DEPLOYMENT_TARGET = 5.0;
				SDKROOT = iphoneos;
				USER_HEADER_SEARCH_PATHS = "\"$(SRCROOT)/../Libraries/sqlite\" \"$(SRCROOT)/../Libraries/dslcategories\" \"$(SRCROOT)/../Libraries/KissXML/KissXML\"";
			};
			name = Debug;
		};
		A7D9E5031501A6A20031D4FA /* Release */ = {
			isa = XCBuildConfiguration;
			buildSettings = {
				ALWAYS_SEARCH_USER_PATHS = NO;
				ARCHS = "$(ARCHS_STANDARD_32_BIT)";
				CLANG_ENABLE_OBJC_ARC = YES;
				COPY_PHASE_STRIP = YES;
				GCC_C_LANGUAGE_STANDARD = gnu99;
				GCC_VERSION = com.apple.compilers.llvm.clang.1_0;
				GCC_WARN_ABOUT_RETURN_TYPE = YES;
				GCC_WARN_UNINITIALIZED_AUTOS = YES;
				GCC_WARN_UNUSED_VARIABLE = YES;
				HEADER_SEARCH_PATHS = "\"$(SDKROOT)/usr/include/libxml2\"";
				IPHONEOS_DEPLOYMENT_TARGET = 5.0;
				SDKROOT = iphoneos;
				USER_HEADER_SEARCH_PATHS = "\"$(SRCROOT)/../Libraries/sqlite\" \"$(SRCROOT)/../Libraries/dslcategories\" \"$(SRCROOT)/../Libraries/KissXML/KissXML\"";
				VALIDATE_PRODUCT = YES;
			};
			name = Release;
		};
		A7D9E5051501A6A20031D4FA /* Debug */ = {
			isa = XCBuildConfiguration;
			buildSettings = {
				DSTROOT = /tmp/Model.dst;
				OTHER_LDFLAGS = "-ObjC";
				PRODUCT_NAME = "${TARGET_NAME}";
				SKIP_INSTALL = YES;
			};
			name = Debug;
		};
		A7D9E5061501A6A20031D4FA /* Release */ = {
			isa = XCBuildConfiguration;
			buildSettings = {
				DSTROOT = /tmp/Model.dst;
				OTHER_LDFLAGS = "-ObjC";
				PRODUCT_NAME = "${TARGET_NAME}";
				SKIP_INSTALL = YES;
			};
			name = Release;
		};
/* End XCBuildConfiguration section */

/* Begin XCConfigurationList section */
		A7D9E4F11501A6A20031D4FA /* Build configuration list for PBXProject "MBProgressHUD" */ = {
			isa = XCConfigurationList;
			buildConfigurations = (
				A7D9E5021501A6A20031D4FA /* Debug */,
				A7D9E5031501A6A20031D4FA /* Release */,
			);
			defaultConfigurationIsVisible = 0;
			defaultConfigurationName = Release;
		};
		A7D9E5041501A6A20031D4FA /* Build configuration list for PBXNativeTarget "MBProgressHUD" */ = {
			isa = XCConfigurationList;
			buildConfigurations = (
				A7D9E5051501A6A20031D4FA /* Debug */,
				A7D9E5061501A6A20031D4FA /* Release */,
			);
			defaultConfigurationIsVisible = 0;
			defaultConfigurationName = Release;
		};
/* End XCConfigurationList section */
	};
	rootObject = A7D9E4EE1501A6A20031D4FA /* Project object */;
}
